
Microsoft Visual Studio Solution File, Format Version 12.00
# Visual Studio Version 17
VisualStudioVersion = 17.3.32825.248
MinimumVisualStudioVersion = 10.0.40219.1
Project("{FAE04EC0-301F-11D3-BF4B-00C04F79EFBC}") = "Övning List o Dictionary", "Övning List o Dictionary.csproj", "{D6CDB2BC-D463-4873-A487-D6A4ADD97E74}"
EndProject
Global
	GlobalSection(SolutionConfigurationPlatforms) = preSolution
		Debug|Any CPU = Debug|Any CPU
		Release|Any CPU = Release|Any CPU
	EndGlobalSection
	GlobalSection(ProjectConfigurationPlatforms) = postSolution
		{D6CDB2BC-D463-4873-A487-D6A4ADD97E74}.Debug|Any CPU.ActiveCfg = Debug|Any CPU
		{D6CDB2BC-D463-4873-A487-D6A4ADD97E74}.Debug|Any CPU.Build.0 = Debug|Any CPU
		{D6CDB2BC-D463-4873-A487-D6A4ADD97E74}.Release|Any CPU.ActiveCfg = Release|Any CPU
		{D6CDB2BC-D463-4873-A487-D6A4ADD97E74}.Release|Any CPU.Build.0 = Release|Any CPU
	EndGlobalSection
	GlobalSection(SolutionProperties) = preSolution
		HideSolutionNode = FALSE
	EndGlobalSection
	GlobalSection(ExtensibilityGlobals) = postSolution
		SolutionGuid = {D995036A-CE84-4C36-AF25-A8663E82BF1A}
	EndGlobalSection
EndGlobal
